
Microsoft Visual Studio Solution File, Format Version 12.00
# Visual Studio Version 16
VisualStudioVersion = 16.0.31205.134
MinimumVisualStudioVersion = 10.0.40219.1
Project("{8BC9CEB8-8B4A-11D0-8D11-00A0C91BC942}") = "КурсоваяЛоха", "КурсоваяЛоха.vcxproj", "{BD7B617E-698B-4E0E-A41C-5502339FDEB8}"
EndProject
Global
	GlobalSection(SolutionConfigurationPlatforms) = preSolution
		Debug|x64 = Debug|x64
		Debug|x86 = Debug|x86
		Release|x64 = Release|x64
		Release|x86 = Release|x86
	EndGlobalSection
	GlobalSection(ProjectConfigurationPlatforms) = postSolution
		{BD7B617E-698B-4E0E-A41C-5502339FDEB8}.Debug|x64.ActiveCfg = Debug|x64
		{BD7B617E-698B-4E0E-A41C-5502339FDEB8}.Debug|x64.Build.0 = Debug|x64
		{BD7B617E-698B-4E0E-A41C-5502339FDEB8}.Debug|x86.ActiveCfg = Debug|Win32
		{BD7B617E-698B-4E0E-A41C-5502339FDEB8}.Debug|x86.Build.0 = Debug|Win32
		{BD7B617E-698B-4E0E-A41C-5502339FDEB8}.Release|x64.ActiveCfg = Release|x64
		{BD7B617E-698B-4E0E-A41C-5502339FDEB8}.Release|x64.Build.0 = Release|x64
		{BD7B617E-698B-4E0E-A41C-5502339FDEB8}.Release|x86.ActiveCfg = Release|Win32
		{BD7B617E-698B-4E0E-A41C-5502339FDEB8}.Release|x86.Build.0 = Release|Win32
	EndGlobalSection
	GlobalSection(SolutionProperties) = preSolution
		HideSolutionNode = FALSE
	EndGlobalSection
	GlobalSection(ExtensibilityGlobals) = postSolution
		SolutionGuid = {0AA2310E-F821-4C66-8A60-33653BAA4999}
	EndGlobalSection
EndGlobal
